
Microsoft Visual Studio Solution File, Format Version 11.00
# Visual Studio 2010
Project("{FAE04EC0-301F-11D3-BF4B-00C04F79EFBC}") = "activex_default_dev", "activex_default_dev\activex_default_dev.csproj", "{17A87BAD-8F5B-4A19-B21E-CDE2D4E7005E}"
EndProject
Global
	GlobalSection(SolutionConfigurationPlatforms) = preSolution
		Debug|Any CPU = Debug|Any CPU
		Release|Any CPU = Release|Any CPU
	EndGlobalSection
	GlobalSection(ProjectConfigurationPlatforms) = postSolution
		{17A87BAD-8F5B-4A19-B21E-CDE2D4E7005E}.Debug|Any CPU.ActiveCfg = Debug|Any CPU
		{17A87BAD-8F5B-4A19-B21E-CDE2D4E7005E}.Debug|Any CPU.Build.0 = Debug|Any CPU
		{17A87BAD-8F5B-4A19-B21E-CDE2D4E7005E}.Release|Any CPU.ActiveCfg = Release|Any CPU
		{17A87BAD-8F5B-4A19-B21E-CDE2D4E7005E}.Release|Any CPU.Build.0 = Release|Any CPU
	EndGlobalSection
	GlobalSection(SolutionProperties) = preSolution
		HideSolutionNode = FALSE
	EndGlobalSection
EndGlobal
